
Microsoft Visual Studio Solution File, Format Version 12.00
# Visual Studio Version 17
VisualStudioVersion = 17.14.36401.2
MinimumVisualStudioVersion = 10.0.40219.1
Project("{FAE04EC0-301F-11D3-BF4B-00C04F79EFBC}") = "WebApplication1", "WebApplication1.csproj", "{447509FA-D0F4-4CF4-8A3E-7989A2AA91A9}"
EndProject
Project("{FAE04EC0-301F-11D3-BF4B-00C04F79EFBC}") = "ejercicioORM", "..\ejercicioORM\ejercicioORM.csproj", "{775E73A3-9CA3-4D9C-B09E-3FDD1C34AEF2}"
EndProject
Global
	GlobalSection(SolutionConfigurationPlatforms) = preSolution
		Debug|Any CPU = Debug|Any CPU
		Release|Any CPU = Release|Any CPU
	EndGlobalSection
	GlobalSection(ProjectConfigurationPlatforms) = postSolution
		{447509FA-D0F4-4CF4-8A3E-7989A2AA91A9}.Debug|Any CPU.ActiveCfg = Debug|Any CPU
		{447509FA-D0F4-4CF4-8A3E-7989A2AA91A9}.Debug|Any CPU.Build.0 = Debug|Any CPU
		{447509FA-D0F4-4CF4-8A3E-7989A2AA91A9}.Release|Any CPU.ActiveCfg = Release|Any CPU
		{447509FA-D0F4-4CF4-8A3E-7989A2AA91A9}.Release|Any CPU.Build.0 = Release|Any CPU
		{775E73A3-9CA3-4D9C-B09E-3FDD1C34AEF2}.Debug|Any CPU.ActiveCfg = Debug|Any CPU
		{775E73A3-9CA3-4D9C-B09E-3FDD1C34AEF2}.Debug|Any CPU.Build.0 = Debug|Any CPU
		{775E73A3-9CA3-4D9C-B09E-3FDD1C34AEF2}.Release|Any CPU.ActiveCfg = Release|Any CPU
		{775E73A3-9CA3-4D9C-B09E-3FDD1C34AEF2}.Release|Any CPU.Build.0 = Release|Any CPU
	EndGlobalSection
	GlobalSection(SolutionProperties) = preSolution
		HideSolutionNode = FALSE
	EndGlobalSection
	GlobalSection(ExtensibilityGlobals) = postSolution
		SolutionGuid = {765ED227-741E-4759-9E5D-965EF27951B1}
	EndGlobalSection
EndGlobal
